
Microsoft Visual Studio Solution File, Format Version 12.00
# Visual Studio 15
VisualStudioVersion = 15.0.26730.10
MinimumVisualStudioVersion = 10.0.40219.1

Project("{6EC3EE1D-3C4E-46DD-8F32-0CC8E7565705}") = "CollectionViewTapGestureRecognizers", "CollectionViewTapGestureRecognizers\CollectionViewTapGestureRecognizers.fsproj", "{A8ED5285-75DF-4F74-B339-0FAA0A20896E}"
EndProject

Project("{F2A71F9B-5D33-465A-A702-920D77279786}") = "CollectionViewTapGestureRecognizers.Android", "CollectionViewTapGestureRecognizers.Android\CollectionViewTapGestureRecognizers.Android.fsproj", "{EB7DD3A8-5204-48C5-AE57-16EC935DC564}"
EndProject


Project("{F2A71F9B-5D33-465A-A702-920D77279786}") = "CollectionViewTapGestureRecognizers.iOS", "CollectionViewTapGestureRecognizers.iOS\CollectionViewTapGestureRecognizers.iOS.fsproj", "{EB8CD20A-0F4D-4D89-9BA1-EBD1E8E1EBDE}"
EndProject



Project("{FAE04EC0-301F-11D3-BF4B-00C04F79EFBC}") = "CollectionViewTapGestureRecognizers.UWP", "CollectionViewTapGestureRecognizers.UWP\CollectionViewTapGestureRecognizers.UWP.csproj", "{5FA76C21-60E2-4C23-BDBD-A42E6D2ABA63}"
EndProject

Global
	GlobalSection(SolutionConfigurationPlatforms) = preSolution
		Ad-Hoc|Any CPU = Ad-Hoc|Any CPU
		Ad-Hoc|ARM = Ad-Hoc|ARM
		Ad-Hoc|iPhone = Ad-Hoc|iPhone
		Ad-Hoc|iPhoneSimulator = Ad-Hoc|iPhoneSimulator
		Ad-Hoc|x64 = Ad-Hoc|x64
		Ad-Hoc|x86 = Ad-Hoc|x86
		AppStore|Any CPU = AppStore|Any CPU
		AppStore|ARM = AppStore|ARM
		AppStore|iPhone = AppStore|iPhone
		AppStore|iPhoneSimulator = AppStore|iPhoneSimulator
		AppStore|x64 = AppStore|x64
		AppStore|x86 = AppStore|x86
		Debug|Any CPU = Debug|Any CPU
		Debug|ARM = Debug|ARM
		Debug|iPhone = Debug|iPhone
		Debug|iPhoneSimulator = Debug|iPhoneSimulator
		Debug|x64 = Debug|x64
		Debug|x86 = Debug|x86
		Release|Any CPU = Release|Any CPU
		Release|ARM = Release|ARM
		Release|iPhone = Release|iPhone
		Release|iPhoneSimulator = Release|iPhoneSimulator
		Release|x64 = Release|x64
		Release|x86 = Release|x86
	EndGlobalSection
	GlobalSection(ProjectConfigurationPlatforms) = postSolution
		{A8ED5285-75DF-4F74-B339-0FAA0A20896E}.Ad-Hoc|Any CPU.ActiveCfg = Debug|Any CPU
		{A8ED5285-75DF-4F74-B339-0FAA0A20896E}.Ad-Hoc|Any CPU.Build.0 = Debug|Any CPU
		{A8ED5285-75DF-4F74-B339-0FAA0A20896E}.Ad-Hoc|ARM.ActiveCfg = Debug|Any CPU
		{A8ED5285-75DF-4F74-B339-0FAA0A20896E}.Ad-Hoc|ARM.Build.0 = Debug|Any CPU
		{A8ED5285-75DF-4F74-B339-0FAA0A20896E}.Ad-Hoc|iPhone.ActiveCfg = Debug|Any CPU
		{A8ED5285-75DF-4F74-B339-0FAA0A20896E}.Ad-Hoc|iPhone.Build.0 = Debug|Any CPU
		{A8ED5285-75DF-4F74-B339-0FAA0A20896E}.Ad-Hoc|iPhoneSimulator.ActiveCfg = Debug|Any CPU
		{A8ED5285-75DF-4F74-B339-0FAA0A20896E}.Ad-Hoc|iPhoneSimulator.Build.0 = Debug|Any CPU
		{A8ED5285-75DF-4F74-B339-0FAA0A20896E}.Ad-Hoc|x64.ActiveCfg = Debug|Any CPU
		{A8ED5285-75DF-4F74-B339-0FAA0A20896E}.Ad-Hoc|x64.Build.0 = Debug|Any CPU
		{A8ED5285-75DF-4F74-B339-0FAA0A20896E}.Ad-Hoc|x86.ActiveCfg = Debug|Any CPU
		{A8ED5285-75DF-4F74-B339-0FAA0A20896E}.Ad-Hoc|x86.Build.0 = Debug|Any CPU
		{A8ED5285-75DF-4F74-B339-0FAA0A20896E}.AppStore|Any CPU.ActiveCfg = Debug|Any CPU
		{A8ED5285-75DF-4F74-B339-0FAA0A20896E}.AppStore|Any CPU.Build.0 = Debug|Any CPU
		{A8ED5285-75DF-4F74-B339-0FAA0A20896E}.AppStore|ARM.ActiveCfg = Debug|Any CPU
		{A8ED5285-75DF-4F74-B339-0FAA0A20896E}.AppStore|ARM.Build.0 = Debug|Any CPU
		{A8ED5285-75DF-4F74-B339-0FAA0A20896E}.AppStore|iPhone.ActiveCfg = Debug|Any CPU
		{A8ED5285-75DF-4F74-B339-0FAA0A20896E}.AppStore|iPhone.Build.0 = Debug|Any CPU
		{A8ED5285-75DF-4F74-B339-0FAA0A20896E}.AppStore|iPhoneSimulator.ActiveCfg = Debug|Any CPU
		{A8ED5285-75DF-4F74-B339-0FAA0A20896E}.AppStore|iPhoneSimulator.Build.0 = Debug|Any CPU
		{A8ED5285-75DF-4F74-B339-0FAA0A20896E}.AppStore|x64.ActiveCfg = Debug|Any CPU
		{A8ED5285-75DF-4F74-B339-0FAA0A20896E}.AppStore|x64.Build.0 = Debug|Any CPU
		{A8ED5285-75DF-4F74-B339-0FAA0A20896E}.AppStore|x86.ActiveCfg = Debug|Any CPU
		{A8ED5285-75DF-4F74-B339-0FAA0A20896E}.AppStore|x86.Build.0 = Debug|Any CPU
		{A8ED5285-75DF-4F74-B339-0FAA0A20896E}.Debug|Any CPU.ActiveCfg = Debug|Any CPU
		{A8ED5285-75DF-4F74-B339-0FAA0A20896E}.Debug|Any CPU.Build.0 = Debug|Any CPU
		{A8ED5285-75DF-4F74-B339-0FAA0A20896E}.Debug|ARM.ActiveCfg = Debug|Any CPU
		{A8ED5285-75DF-4F74-B339-0FAA0A20896E}.Debug|ARM.Build.0 = Debug|Any CPU
		{A8ED5285-75DF-4F74-B339-0FAA0A20896E}.Debug|iPhone.ActiveCfg = Debug|Any CPU
		{A8ED5285-75DF-4F74-B339-0FAA0A20896E}.Debug|iPhone.Build.0 = Debug|Any CPU
		{A8ED5285-75DF-4F74-B339-0FAA0A20896E}.Debug|iPhoneSimulator.ActiveCfg = Debug|Any CPU
		{A8ED5285-75DF-4F74-B339-0FAA0A20896E}.Debug|iPhoneSimulator.Build.0 = Debug|Any CPU
		{A8ED5285-75DF-4F74-B339-0FAA0A20896E}.Debug|x64.ActiveCfg = Debug|Any CPU
		{A8ED5285-75DF-4F74-B339-0FAA0A20896E}.Debug|x64.Build.0 = Debug|Any CPU
		{A8ED5285-75DF-4F74-B339-0FAA0A20896E}.Debug|x86.ActiveCfg = Debug|Any CPU
		{A8ED5285-75DF-4F74-B339-0FAA0A20896E}.Debug|x86.Build.0 = Debug|Any CPU
		{A8ED5285-75DF-4F74-B339-0FAA0A20896E}.Release|Any CPU.ActiveCfg = Release|Any CPU
		{A8ED5285-75DF-4F74-B339-0FAA0A20896E}.Release|Any CPU.Build.0 = Release|Any CPU
		{A8ED5285-75DF-4F74-B339-0FAA0A20896E}.Release|ARM.ActiveCfg = Release|Any CPU
		{A8ED5285-75DF-4F74-B339-0FAA0A20896E}.Release|ARM.Build.0 = Release|Any CPU
		{A8ED5285-75DF-4F74-B339-0FAA0A20896E}.Release|iPhone.ActiveCfg = Release|Any CPU
		{A8ED5285-75DF-4F74-B339-0FAA0A20896E}.Release|iPhone.Build.0 = Release|Any CPU
		{A8ED5285-75DF-4F74-B339-0FAA0A20896E}.Release|iPhoneSimulator.ActiveCfg = Release|Any CPU
		{A8ED5285-75DF-4F74-B339-0FAA0A20896E}.Release|iPhoneSimulator.Build.0 = Release|Any CPU
		{A8ED5285-75DF-4F74-B339-0FAA0A20896E}.Release|x64.ActiveCfg = Release|Any CPU
		{A8ED5285-75DF-4F74-B339-0FAA0A20896E}.Release|x64.Build.0 = Release|Any CPU
		{A8ED5285-75DF-4F74-B339-0FAA0A20896E}.Release|x86.ActiveCfg = Release|Any CPU
		{A8ED5285-75DF-4F74-B339-0FAA0A20896E}.Release|x86.Build.0 = Release|Any CPU
		{EB8CD20A-0F4D-4D89-9BA1-EBD1E8E1EBDE}.Ad-Hoc|Any CPU.ActiveCfg = Ad-Hoc|iPhone
		{EB8CD20A-0F4D-4D89-9BA1-EBD1E8E1EBDE}.Ad-Hoc|ARM.ActiveCfg = Ad-Hoc|iPhone
		{EB8CD20A-0F4D-4D89-9BA1-EBD1E8E1EBDE}.Ad-Hoc|iPhone.ActiveCfg = Ad-Hoc|iPhone
		{EB8CD20A-0F4D-4D89-9BA1-EBD1E8E1EBDE}.Ad-Hoc|iPhone.Build.0 = Ad-Hoc|iPhone
		{EB8CD20A-0F4D-4D89-9BA1-EBD1E8E1EBDE}.Ad-Hoc|iPhoneSimulator.ActiveCfg = Ad-Hoc|iPhoneSimulator
		{EB8CD20A-0F4D-4D89-9BA1-EBD1E8E1EBDE}.Ad-Hoc|iPhoneSimulator.Build.0 = Ad-Hoc|iPhoneSimulator
		{EB8CD20A-0F4D-4D89-9BA1-EBD1E8E1EBDE}.Ad-Hoc|x64.ActiveCfg = Ad-Hoc|iPhone
		{EB8CD20A-0F4D-4D89-9BA1-EBD1E8E1EBDE}.Ad-Hoc|x86.ActiveCfg = Ad-Hoc|iPhone
		{EB8CD20A-0F4D-4D89-9BA1-EBD1E8E1EBDE}.AppStore|Any CPU.ActiveCfg = AppStore|iPhone
		{EB8CD20A-0F4D-4D89-9BA1-EBD1E8E1EBDE}.AppStore|ARM.ActiveCfg = AppStore|iPhone
		{EB8CD20A-0F4D-4D89-9BA1-EBD1E8E1EBDE}.AppStore|iPhone.ActiveCfg = AppStore|iPhone
		{EB8CD20A-0F4D-4D89-9BA1-EBD1E8E1EBDE}.AppStore|iPhone.Build.0 = AppStore|iPhone
		{EB8CD20A-0F4D-4D89-9BA1-EBD1E8E1EBDE}.AppStore|iPhoneSimulator.ActiveCfg = AppStore|iPhoneSimulator
		{EB8CD20A-0F4D-4D89-9BA1-EBD1E8E1EBDE}.AppStore|iPhoneSimulator.Build.0 = AppStore|iPhoneSimulator
		{EB8CD20A-0F4D-4D89-9BA1-EBD1E8E1EBDE}.AppStore|x64.ActiveCfg = AppStore|iPhone
		{EB8CD20A-0F4D-4D89-9BA1-EBD1E8E1EBDE}.AppStore|x86.ActiveCfg = AppStore|iPhone
		{EB8CD20A-0F4D-4D89-9BA1-EBD1E8E1EBDE}.Debug|Any CPU.ActiveCfg = Debug|iPhone
		{EB8CD20A-0F4D-4D89-9BA1-EBD1E8E1EBDE}.Debug|ARM.ActiveCfg = Debug|iPhone
		{EB8CD20A-0F4D-4D89-9BA1-EBD1E8E1EBDE}.Debug|iPhone.ActiveCfg = Debug|iPhone
		{EB8CD20A-0F4D-4D89-9BA1-EBD1E8E1EBDE}.Debug|iPhone.Build.0 = Debug|iPhone
		{EB8CD20A-0F4D-4D89-9BA1-EBD1E8E1EBDE}.Debug|iPhoneSimulator.ActiveCfg = Debug|iPhoneSimulator
		{EB8CD20A-0F4D-4D89-9BA1-EBD1E8E1EBDE}.Debug|iPhoneSimulator.Build.0 = Debug|iPhoneSimulator
		{EB8CD20A-0F4D-4D89-9BA1-EBD1E8E1EBDE}.Debug|x64.ActiveCfg = Debug|iPhone
		{EB8CD20A-0F4D-4D89-9BA1-EBD1E8E1EBDE}.Debug|x86.ActiveCfg = Debug|iPhone
		{EB8CD20A-0F4D-4D89-9BA1-EBD1E8E1EBDE}.Release|Any CPU.ActiveCfg = Release|iPhone
		{EB8CD20A-0F4D-4D89-9BA1-EBD1E8E1EBDE}.Release|ARM.ActiveCfg = Release|iPhone
		{EB8CD20A-0F4D-4D89-9BA1-EBD1E8E1EBDE}.Release|iPhone.ActiveCfg = Release|iPhone
		{EB8CD20A-0F4D-4D89-9BA1-EBD1E8E1EBDE}.Release|iPhone.Build.0 = Release|iPhone
		{EB8CD20A-0F4D-4D89-9BA1-EBD1E8E1EBDE}.Release|iPhoneSimulator.ActiveCfg = Release|iPhoneSimulator
		{EB8CD20A-0F4D-4D89-9BA1-EBD1E8E1EBDE}.Release|iPhoneSimulator.Build.0 = Release|iPhoneSimulator
		{EB8CD20A-0F4D-4D89-9BA1-EBD1E8E1EBDE}.Release|x64.ActiveCfg = Release|iPhone
		{EB8CD20A-0F4D-4D89-9BA1-EBD1E8E1EBDE}.Release|x86.ActiveCfg = Release|iPhone
		{4B3427C7-7B4E-4422-89EF-4F806F96F62F}.Ad-Hoc|Any CPU.ActiveCfg = Release|x86
		{4B3427C7-7B4E-4422-89EF-4F806F96F62F}.Ad-Hoc|Any CPU.Build.0 = Release|x86
		{4B3427C7-7B4E-4422-89EF-4F806F96F62F}.Ad-Hoc|Any CPU.Deploy.0 = Release|x86
		{4B3427C7-7B4E-4422-89EF-4F806F96F62F}.Ad-Hoc|ARM.ActiveCfg = Release|ARM
		{4B3427C7-7B4E-4422-89EF-4F806F96F62F}.Ad-Hoc|ARM.Build.0 = Release|ARM
		{4B3427C7-7B4E-4422-89EF-4F806F96F62F}.Ad-Hoc|ARM.Deploy.0 = Release|ARM
		{4B3427C7-7B4E-4422-89EF-4F806F96F62F}.Ad-Hoc|iPhone.ActiveCfg = Release|x86
		{4B3427C7-7B4E-4422-89EF-4F806F96F62F}.Ad-Hoc|iPhone.Build.0 = Release|x86
		{4B3427C7-7B4E-4422-89EF-4F806F96F62F}.Ad-Hoc|iPhone.Deploy.0 = Release|x86
		{4B3427C7-7B4E-4422-89EF-4F806F96F62F}.Ad-Hoc|iPhoneSimulator.ActiveCfg = Release|x86
		{4B3427C7-7B4E-4422-89EF-4F806F96F62F}.Ad-Hoc|iPhoneSimulator.Build.0 = Release|x86
		{4B3427C7-7B4E-4422-89EF-4F806F96F62F}.Ad-Hoc|iPhoneSimulator.Deploy.0 = Release|x86
		{4B3427C7-7B4E-4422-89EF-4F806F96F62F}.Ad-Hoc|x64.ActiveCfg = Release|x64
		{4B3427C7-7B4E-4422-89EF-4F806F96F62F}.Ad-Hoc|x64.Build.0 = Release|x64
		{4B3427C7-7B4E-4422-89EF-4F806F96F62F}.Ad-Hoc|x64.Deploy.0 = Release|x64
		{4B3427C7-7B4E-4422-89EF-4F806F96F62F}.Ad-Hoc|x86.ActiveCfg = Release|x86
		{4B3427C7-7B4E-4422-89EF-4F806F96F62F}.Ad-Hoc|x86.Build.0 = Release|x86
		{4B3427C7-7B4E-4422-89EF-4F806F96F62F}.Ad-Hoc|x86.Deploy.0 = Release|x86
		{4B3427C7-7B4E-4422-89EF-4F806F96F62F}.AppStore|Any CPU.ActiveCfg = Release|x86
		{4B3427C7-7B4E-4422-89EF-4F806F96F62F}.AppStore|Any CPU.Build.0 = Release|x86
		{4B3427C7-7B4E-4422-89EF-4F806F96F62F}.AppStore|Any CPU.Deploy.0 = Release|x86
		{4B3427C7-7B4E-4422-89EF-4F806F96F62F}.AppStore|ARM.ActiveCfg = Release|ARM
		{4B3427C7-7B4E-4422-89EF-4F806F96F62F}.AppStore|ARM.Build.0 = Release|ARM
		{4B3427C7-7B4E-4422-89EF-4F806F96F62F}.AppStore|ARM.Deploy.0 = Release|ARM
		{4B3427C7-7B4E-4422-89EF-4F806F96F62F}.AppStore|iPhone.ActiveCfg = Release|x86
		{4B3427C7-7B4E-4422-89EF-4F806F96F62F}.AppStore|iPhone.Build.0 = Release|x86
		{4B3427C7-7B4E-4422-89EF-4F806F96F62F}.AppStore|iPhone.Deploy.0 = Release|x86
		{4B3427C7-7B4E-4422-89EF-4F806F96F62F}.AppStore|iPhoneSimulator.ActiveCfg = Release|x86
		{4B3427C7-7B4E-4422-89EF-4F806F96F62F}.AppStore|iPhoneSimulator.Build.0 = Release|x86
		{4B3427C7-7B4E-4422-89EF-4F806F96F62F}.AppStore|iPhoneSimulator.Deploy.0 = Release|x86
		{4B3427C7-7B4E-4422-89EF-4F806F96F62F}.AppStore|x64.ActiveCfg = Release|x64
		{4B3427C7-7B4E-4422-89EF-4F806F96F62F}.AppStore|x64.Build.0 = Release|x64
		{4B3427C7-7B4E-4422-89EF-4F806F96F62F}.AppStore|x64.Deploy.0 = Release|x64
		{4B3427C7-7B4E-4422-89EF-4F806F96F62F}.AppStore|x86.ActiveCfg = Release|x86
		{4B3427C7-7B4E-4422-89EF-4F806F96F62F}.AppStore|x86.Build.0 = Release|x86
		{4B3427C7-7B4E-4422-89EF-4F806F96F62F}.AppStore|x86.Deploy.0 = Release|x86
		{4B3427C7-7B4E-4422-89EF-4F806F96F62F}.Debug|Any CPU.ActiveCfg = Debug|x86
		{4B3427C7-7B4E-4422-89EF-4F806F96F62F}.Debug|ARM.ActiveCfg = Debug|ARM
		{4B3427C7-7B4E-4422-89EF-4F806F96F62F}.Debug|ARM.Build.0 = Debug|ARM
		{4B3427C7-7B4E-4422-89EF-4F806F96F62F}.Debug|ARM.Deploy.0 = Debug|ARM
		{4B3427C7-7B4E-4422-89EF-4F806F96F62F}.Debug|iPhone.ActiveCfg = Debug|x86
		{4B3427C7-7B4E-4422-89EF-4F806F96F62F}.Debug|iPhoneSimulator.ActiveCfg = Debug|x86
		{4B3427C7-7B4E-4422-89EF-4F806F96F62F}.Debug|x64.ActiveCfg = Debug|x64
		{4B3427C7-7B4E-4422-89EF-4F806F96F62F}.Debug|x64.Build.0 = Debug|x64
		{4B3427C7-7B4E-4422-89EF-4F806F96F62F}.Debug|x64.Deploy.0 = Debug|x64
		{4B3427C7-7B4E-4422-89EF-4F806F96F62F}.Debug|x86.ActiveCfg = Debug|x86
		{4B3427C7-7B4E-4422-89EF-4F806F96F62F}.Debug|x86.Build.0 = Debug|x86
		{4B3427C7-7B4E-4422-89EF-4F806F96F62F}.Debug|x86.Deploy.0 = Debug|x86
		{4B3427C7-7B4E-4422-89EF-4F806F96F62F}.Release|Any CPU.ActiveCfg = Release|x86
		{4B3427C7-7B4E-4422-89EF-4F806F96F62F}.Release|ARM.ActiveCfg = Release|ARM
		{4B3427C7-7B4E-4422-89EF-4F806F96F62F}.Release|ARM.Build.0 = Release|ARM
		{4B3427C7-7B4E-4422-89EF-4F806F96F62F}.Release|ARM.Deploy.0 = Release|ARM
		{4B3427C7-7B4E-4422-89EF-4F806F96F62F}.Release|iPhone.ActiveCfg = Release|x86
		{4B3427C7-7B4E-4422-89EF-4F806F96F62F}.Release|iPhoneSimulator.ActiveCfg = Release|x86
		{4B3427C7-7B4E-4422-89EF-4F806F96F62F}.Release|x64.ActiveCfg = Release|x64
		{4B3427C7-7B4E-4422-89EF-4F806F96F62F}.Release|x64.Build.0 = Release|x64
		{4B3427C7-7B4E-4422-89EF-4F806F96F62F}.Release|x64.Deploy.0 = Release|x64
		{4B3427C7-7B4E-4422-89EF-4F806F96F62F}.Release|x86.ActiveCfg = Release|x86
		{4B3427C7-7B4E-4422-89EF-4F806F96F62F}.Release|x86.Build.0 = Release|x86
		{4B3427C7-7B4E-4422-89EF-4F806F96F62F}.Release|x86.Deploy.0 = Release|x86
		{D28F5F45-69A7-42BD-B1BC-DC1F3A95324D}.Ad-Hoc|Any CPU.ActiveCfg = Release|Any CPU
		{D28F5F45-69A7-42BD-B1BC-DC1F3A95324D}.Ad-Hoc|Any CPU.Build.0 = Release|Any CPU
		{D28F5F45-69A7-42BD-B1BC-DC1F3A95324D}.Ad-Hoc|ARM.ActiveCfg = Release|Any CPU
		{D28F5F45-69A7-42BD-B1BC-DC1F3A95324D}.Ad-Hoc|ARM.Build.0 = Release|Any CPU
		{D28F5F45-69A7-42BD-B1BC-DC1F3A95324D}.Ad-Hoc|iPhone.ActiveCfg = Release|Any CPU
		{D28F5F45-69A7-42BD-B1BC-DC1F3A95324D}.Ad-Hoc|iPhone.Build.0 = Release|Any CPU
		{D28F5F45-69A7-42BD-B1BC-DC1F3A95324D}.Ad-Hoc|iPhoneSimulator.ActiveCfg = Release|Any CPU
		{D28F5F45-69A7-42BD-B1BC-DC1F3A95324D}.Ad-Hoc|iPhoneSimulator.Build.0 = Release|Any CPU
		{D28F5F45-69A7-42BD-B1BC-DC1F3A95324D}.Ad-Hoc|x64.ActiveCfg = Release|Any CPU
		{D28F5F45-69A7-42BD-B1BC-DC1F3A95324D}.Ad-Hoc|x64.Build.0 = Release|Any CPU
		{D28F5F45-69A7-42BD-B1BC-DC1F3A95324D}.Ad-Hoc|x86.ActiveCfg = Release|Any CPU
		{D28F5F45-69A7-42BD-B1BC-DC1F3A95324D}.Ad-Hoc|x86.Build.0 = Release|Any CPU
		{D28F5F45-69A7-42BD-B1BC-DC1F3A95324D}.AppStore|Any CPU.ActiveCfg = Release|Any CPU
		{D28F5F45-69A7-42BD-B1BC-DC1F3A95324D}.AppStore|Any CPU.Build.0 = Release|Any CPU
		{D28F5F45-69A7-42BD-B1BC-DC1F3A95324D}.AppStore|ARM.ActiveCfg = Release|Any CPU
		{D28F5F45-69A7-42BD-B1BC-DC1F3A95324D}.AppStore|ARM.Build.0 = Release|Any CPU
		{D28F5F45-69A7-42BD-B1BC-DC1F3A95324D}.AppStore|iPhone.ActiveCfg = Release|Any CPU
		{D28F5F45-69A7-42BD-B1BC-DC1F3A95324D}.AppStore|iPhone.Build.0 = Release|Any CPU
		{D28F5F45-69A7-42BD-B1BC-DC1F3A95324D}.AppStore|iPhoneSimulator.ActiveCfg = Release|Any CPU
		{D28F5F45-69A7-42BD-B1BC-DC1F3A95324D}.AppStore|iPhoneSimulator.Build.0 = Release|Any CPU
		{D28F5F45-69A7-42BD-B1BC-DC1F3A95324D}.AppStore|x64.ActiveCfg = Release|Any CPU
		{D28F5F45-69A7-42BD-B1BC-DC1F3A95324D}.AppStore|x64.Build.0 = Release|Any CPU
		{D28F5F45-69A7-42BD-B1BC-DC1F3A95324D}.AppStore|x86.ActiveCfg = Release|Any CPU
		{D28F5F45-69A7-42BD-B1BC-DC1F3A95324D}.AppStore|x86.Build.0 = Release|Any CPU
		{D28F5F45-69A7-42BD-B1BC-DC1F3A95324D}.Debug|Any CPU.ActiveCfg = Debug|Any CPU
		{D28F5F45-69A7-42BD-B1BC-DC1F3A95324D}.Debug|Any CPU.Build.0 = Debug|Any CPU
		{D28F5F45-69A7-42BD-B1BC-DC1F3A95324D}.Debug|ARM.ActiveCfg = Debug|Any CPU
		{D28F5F45-69A7-42BD-B1BC-DC1F3A95324D}.Debug|ARM.Build.0 = Debug|Any CPU
		{D28F5F45-69A7-42BD-B1BC-DC1F3A95324D}.Debug|iPhone.ActiveCfg = Debug|Any CPU
		{D28F5F45-69A7-42BD-B1BC-DC1F3A95324D}.Debug|iPhone.Build.0 = Debug|Any CPU
		{D28F5F45-69A7-42BD-B1BC-DC1F3A95324D}.Debug|iPhoneSimulator.ActiveCfg = Debug|Any CPU
		{D28F5F45-69A7-42BD-B1BC-DC1F3A95324D}.Debug|iPhoneSimulator.Build.0 = Debug|Any CPU
		{D28F5F45-69A7-42BD-B1BC-DC1F3A95324D}.Debug|x64.ActiveCfg = Debug|Any CPU
		{D28F5F45-69A7-42BD-B1BC-DC1F3A95324D}.Debug|x64.Build.0 = Debug|Any CPU
		{D28F5F45-69A7-42BD-B1BC-DC1F3A95324D}.Debug|x86.ActiveCfg = Debug|Any CPU
		{D28F5F45-69A7-42BD-B1BC-DC1F3A95324D}.Debug|x86.Build.0 = Debug|Any CPU
		{D28F5F45-69A7-42BD-B1BC-DC1F3A95324D}.Release|Any CPU.ActiveCfg = Release|Any CPU
		{D28F5F45-69A7-42BD-B1BC-DC1F3A95324D}.Release|Any CPU.Build.0 = Release|Any CPU
		{D28F5F45-69A7-42BD-B1BC-DC1F3A95324D}.Release|ARM.ActiveCfg = Release|Any CPU
		{D28F5F45-69A7-42BD-B1BC-DC1F3A95324D}.Release|ARM.Build.0 = Release|Any CPU
		{D28F5F45-69A7-42BD-B1BC-DC1F3A95324D}.Release|iPhone.ActiveCfg = Release|Any CPU
		{D28F5F45-69A7-42BD-B1BC-DC1F3A95324D}.Release|iPhone.Build.0 = Release|Any CPU
		{D28F5F45-69A7-42BD-B1BC-DC1F3A95324D}.Release|iPhoneSimulator.ActiveCfg = Release|Any CPU
		{D28F5F45-69A7-42BD-B1BC-DC1F3A95324D}.Release|iPhoneSimulator.Build.0 = Release|Any CPU
		{D28F5F45-69A7-42BD-B1BC-DC1F3A95324D}.Release|x64.ActiveCfg = Release|Any CPU
		{D28F5F45-69A7-42BD-B1BC-DC1F3A95324D}.Release|x64.Build.0 = Release|Any CPU
		{D28F5F45-69A7-42BD-B1BC-DC1F3A95324D}.Release|x86.ActiveCfg = Release|Any CPU
		{D28F5F45-69A7-42BD-B1BC-DC1F3A95324D}.Release|x86.Build.0 = Release|Any CPU
		{D9CAED73-0A48-481B-85BA-7C6956957438}.Ad-Hoc|Any CPU.ActiveCfg = Release|Any CPU
		{D9CAED73-0A48-481B-85BA-7C6956957438}.Ad-Hoc|Any CPU.Build.0 = Release|Any CPU
		{D9CAED73-0A48-481B-85BA-7C6956957438}.Ad-Hoc|ARM.ActiveCfg = Release|Any CPU
		{D9CAED73-0A48-481B-85BA-7C6956957438}.Ad-Hoc|ARM.Build.0 = Release|Any CPU
		{D9CAED73-0A48-481B-85BA-7C6956957438}.Ad-Hoc|iPhone.ActiveCfg = Release|Any CPU
		{D9CAED73-0A48-481B-85BA-7C6956957438}.Ad-Hoc|iPhone.Build.0 = Release|Any CPU
		{D9CAED73-0A48-481B-85BA-7C6956957438}.Ad-Hoc|iPhoneSimulator.ActiveCfg = Release|Any CPU
		{D9CAED73-0A48-481B-85BA-7C6956957438}.Ad-Hoc|iPhoneSimulator.Build.0 = Release|Any CPU
		{D9CAED73-0A48-481B-85BA-7C6956957438}.Ad-Hoc|x64.ActiveCfg = Release|Any CPU
		{D9CAED73-0A48-481B-85BA-7C6956957438}.Ad-Hoc|x64.Build.0 = Release|Any CPU
		{D9CAED73-0A48-481B-85BA-7C6956957438}.Ad-Hoc|x86.ActiveCfg = Release|Any CPU
		{D9CAED73-0A48-481B-85BA-7C6956957438}.Ad-Hoc|x86.Build.0 = Release|Any CPU
		{D9CAED73-0A48-481B-85BA-7C6956957438}.AppStore|Any CPU.ActiveCfg = Release|Any CPU
		{D9CAED73-0A48-481B-85BA-7C6956957438}.AppStore|Any CPU.Build.0 = Release|Any CPU
		{D9CAED73-0A48-481B-85BA-7C6956957438}.AppStore|ARM.ActiveCfg = Release|Any CPU
		{D9CAED73-0A48-481B-85BA-7C6956957438}.AppStore|ARM.Build.0 = Release|Any CPU
		{D9CAED73-0A48-481B-85BA-7C6956957438}.AppStore|iPhone.ActiveCfg = Release|Any CPU
		{D9CAED73-0A48-481B-85BA-7C6956957438}.AppStore|iPhone.Build.0 = Release|Any CPU
		{D9CAED73-0A48-481B-85BA-7C6956957438}.AppStore|iPhoneSimulator.ActiveCfg = Release|Any CPU
		{D9CAED73-0A48-481B-85BA-7C6956957438}.AppStore|iPhoneSimulator.Build.0 = Release|Any CPU
		{D9CAED73-0A48-481B-85BA-7C6956957438}.AppStore|x64.ActiveCfg = Release|Any CPU
		{D9CAED73-0A48-481B-85BA-7C6956957438}.AppStore|x64.Build.0 = Release|Any CPU
		{D9CAED73-0A48-481B-85BA-7C6956957438}.AppStore|x86.ActiveCfg = Release|Any CPU
		{D9CAED73-0A48-481B-85BA-7C6956957438}.AppStore|x86.Build.0 = Release|Any CPU
		{D9CAED73-0A48-481B-85BA-7C6956957438}.Debug|Any CPU.ActiveCfg = Debug|Any CPU
		{D9CAED73-0A48-481B-85BA-7C6956957438}.Debug|Any CPU.Build.0 = Debug|Any CPU
		{D9CAED73-0A48-481B-85BA-7C6956957438}.Debug|ARM.ActiveCfg = Debug|Any CPU
		{D9CAED73-0A48-481B-85BA-7C6956957438}.Debug|ARM.Build.0 = Debug|Any CPU
		{D9CAED73-0A48-481B-85BA-7C6956957438}.Debug|iPhone.ActiveCfg = Debug|Any CPU
		{D9CAED73-0A48-481B-85BA-7C6956957438}.Debug|iPhone.Build.0 = Debug|Any CPU
		{D9CAED73-0A48-481B-85BA-7C6956957438}.Debug|iPhoneSimulator.ActiveCfg = Debug|Any CPU
		{D9CAED73-0A48-481B-85BA-7C6956957438}.Debug|iPhoneSimulator.Build.0 = Debug|Any CPU
		{D9CAED73-0A48-481B-85BA-7C6956957438}.Debug|x64.ActiveCfg = Debug|Any CPU
		{D9CAED73-0A48-481B-85BA-7C6956957438}.Debug|x64.Build.0 = Debug|Any CPU
		{D9CAED73-0A48-481B-85BA-7C6956957438}.Debug|x86.ActiveCfg = Debug|Any CPU
		{D9CAED73-0A48-481B-85BA-7C6956957438}.Debug|x86.Build.0 = Debug|Any CPU
		{D9CAED73-0A48-481B-85BA-7C6956957438}.Release|Any CPU.ActiveCfg = Release|Any CPU
		{D9CAED73-0A48-481B-85BA-7C6956957438}.Release|Any CPU.Build.0 = Release|Any CPU
		{D9CAED73-0A48-481B-85BA-7C6956957438}.Release|ARM.ActiveCfg = Release|Any CPU
		{D9CAED73-0A48-481B-85BA-7C6956957438}.Release|ARM.Build.0 = Release|Any CPU
		{D9CAED73-0A48-481B-85BA-7C6956957438}.Release|iPhone.ActiveCfg = Release|Any CPU
		{D9CAED73-0A48-481B-85BA-7C6956957438}.Release|iPhone.Build.0 = Release|Any CPU
		{D9CAED73-0A48-481B-85BA-7C6956957438}.Release|iPhoneSimulator.ActiveCfg = Release|Any CPU
		{D9CAED73-0A48-481B-85BA-7C6956957438}.Release|iPhoneSimulator.Build.0 = Release|Any CPU
		{D9CAED73-0A48-481B-85BA-7C6956957438}.Release|x64.ActiveCfg = Release|Any CPU
		{D9CAED73-0A48-481B-85BA-7C6956957438}.Release|x64.Build.0 = Release|Any CPU
		{D9CAED73-0A48-481B-85BA-7C6956957438}.Release|x86.ActiveCfg = Release|Any CPU
		{D9CAED73-0A48-481B-85BA-7C6956957438}.Release|x86.Build.0 = Release|Any CPU
		{EB7DD3A8-5204-48C5-AE57-16EC935DC564}.Ad-Hoc|Any CPU.ActiveCfg = Release|Any CPU
		{EB7DD3A8-5204-48C5-AE57-16EC935DC564}.Ad-Hoc|Any CPU.Build.0 = Release|Any CPU
		{EB7DD3A8-5204-48C5-AE57-16EC935DC564}.Ad-Hoc|ARM.ActiveCfg = Release|Any CPU
		{EB7DD3A8-5204-48C5-AE57-16EC935DC564}.Ad-Hoc|ARM.Build.0 = Release|Any CPU
		{EB7DD3A8-5204-48C5-AE57-16EC935DC564}.Ad-Hoc|iPhone.ActiveCfg = Release|Any CPU
		{EB7DD3A8-5204-48C5-AE57-16EC935DC564}.Ad-Hoc|iPhone.Build.0 = Release|Any CPU
		{EB7DD3A8-5204-48C5-AE57-16EC935DC564}.Ad-Hoc|iPhoneSimulator.ActiveCfg = Release|Any CPU
		{EB7DD3A8-5204-48C5-AE57-16EC935DC564}.Ad-Hoc|iPhoneSimulator.Build.0 = Release|Any CPU
		{EB7DD3A8-5204-48C5-AE57-16EC935DC564}.Ad-Hoc|x64.ActiveCfg = Release|Any CPU
		{EB7DD3A8-5204-48C5-AE57-16EC935DC564}.Ad-Hoc|x64.Build.0 = Release|Any CPU
		{EB7DD3A8-5204-48C5-AE57-16EC935DC564}.Ad-Hoc|x86.ActiveCfg = Release|Any CPU
		{EB7DD3A8-5204-48C5-AE57-16EC935DC564}.Ad-Hoc|x86.Build.0 = Release|Any CPU
		{EB7DD3A8-5204-48C5-AE57-16EC935DC564}.AppStore|Any CPU.ActiveCfg = Release|Any CPU
		{EB7DD3A8-5204-48C5-AE57-16EC935DC564}.AppStore|Any CPU.Build.0 = Release|Any CPU
		{EB7DD3A8-5204-48C5-AE57-16EC935DC564}.AppStore|ARM.ActiveCfg = Release|Any CPU
		{EB7DD3A8-5204-48C5-AE57-16EC935DC564}.AppStore|ARM.Build.0 = Release|Any CPU
		{EB7DD3A8-5204-48C5-AE57-16EC935DC564}.AppStore|iPhone.ActiveCfg = Release|Any CPU
		{EB7DD3A8-5204-48C5-AE57-16EC935DC564}.AppStore|iPhone.Build.0 = Release|Any CPU
		{EB7DD3A8-5204-48C5-AE57-16EC935DC564}.AppStore|iPhoneSimulator.ActiveCfg = Release|Any CPU
		{EB7DD3A8-5204-48C5-AE57-16EC935DC564}.AppStore|iPhoneSimulator.Build.0 = Release|Any CPU
		{EB7DD3A8-5204-48C5-AE57-16EC935DC564}.AppStore|x64.ActiveCfg = Release|Any CPU
		{EB7DD3A8-5204-48C5-AE57-16EC935DC564}.AppStore|x64.Build.0 = Release|Any CPU
		{EB7DD3A8-5204-48C5-AE57-16EC935DC564}.AppStore|x86.ActiveCfg = Release|Any CPU
		{EB7DD3A8-5204-48C5-AE57-16EC935DC564}.AppStore|x86.Build.0 = Release|Any CPU
		{EB7DD3A8-5204-48C5-AE57-16EC935DC564}.Debug|Any CPU.ActiveCfg = Debug|Any CPU
		{EB7DD3A8-5204-48C5-AE57-16EC935DC564}.Debug|Any CPU.Build.0 = Debug|Any CPU
		{EB7DD3A8-5204-48C5-AE57-16EC935DC564}.Debug|Any CPU.Deploy.0 = Debug|Any CPU
		{EB7DD3A8-5204-48C5-AE57-16EC935DC564}.Debug|ARM.ActiveCfg = Debug|Any CPU
		{EB7DD3A8-5204-48C5-AE57-16EC935DC564}.Debug|ARM.Build.0 = Debug|Any CPU
		{EB7DD3A8-5204-48C5-AE57-16EC935DC564}.Debug|iPhone.ActiveCfg = Debug|Any CPU
		{EB7DD3A8-5204-48C5-AE57-16EC935DC564}.Debug|iPhone.Build.0 = Debug|Any CPU
		{EB7DD3A8-5204-48C5-AE57-16EC935DC564}.Debug|iPhoneSimulator.ActiveCfg = Debug|Any CPU
		{EB7DD3A8-5204-48C5-AE57-16EC935DC564}.Debug|iPhoneSimulator.Build.0 = Debug|Any CPU
		{EB7DD3A8-5204-48C5-AE57-16EC935DC564}.Debug|x64.ActiveCfg = Debug|Any CPU
		{EB7DD3A8-5204-48C5-AE57-16EC935DC564}.Debug|x64.Build.0 = Debug|Any CPU
		{EB7DD3A8-5204-48C5-AE57-16EC935DC564}.Debug|x86.ActiveCfg = Debug|Any CPU
		{EB7DD3A8-5204-48C5-AE57-16EC935DC564}.Debug|x86.Build.0 = Debug|Any CPU
		{EB7DD3A8-5204-48C5-AE57-16EC935DC564}.Release|Any CPU.ActiveCfg = Release|Any CPU
		{EB7DD3A8-5204-48C5-AE57-16EC935DC564}.Release|Any CPU.Build.0 = Release|Any CPU
		{EB7DD3A8-5204-48C5-AE57-16EC935DC564}.Release|Any CPU.Deploy.0 = Release|Any CPU
		{EB7DD3A8-5204-48C5-AE57-16EC935DC564}.Release|ARM.ActiveCfg = Release|Any CPU
		{EB7DD3A8-5204-48C5-AE57-16EC935DC564}.Release|ARM.Build.0 = Release|Any CPU
		{EB7DD3A8-5204-48C5-AE57-16EC935DC564}.Release|iPhone.ActiveCfg = Release|Any CPU
		{EB7DD3A8-5204-48C5-AE57-16EC935DC564}.Release|iPhone.Build.0 = Release|Any CPU
		{EB7DD3A8-5204-48C5-AE57-16EC935DC564}.Release|iPhoneSimulator.ActiveCfg = Release|Any CPU
		{EB7DD3A8-5204-48C5-AE57-16EC935DC564}.Release|iPhoneSimulator.Build.0 = Release|Any CPU
		{EB7DD3A8-5204-48C5-AE57-16EC935DC564}.Release|x64.ActiveCfg = Release|Any CPU
		{EB7DD3A8-5204-48C5-AE57-16EC935DC564}.Release|x64.Build.0 = Release|Any CPU
		{EB7DD3A8-5204-48C5-AE57-16EC935DC564}.Release|x86.ActiveCfg = Release|Any CPU
		{EB7DD3A8-5204-48C5-AE57-16EC935DC564}.Release|x86.Build.0 = Release|Any CPU
		{B091F076-D159-49E5-9D8E-BEA7378E800D}.Ad-Hoc|Any CPU.ActiveCfg = Release|Any CPU
		{B091F076-D159-49E5-9D8E-BEA7378E800D}.Ad-Hoc|Any CPU.Build.0 = Release|Any CPU
		{B091F076-D159-49E5-9D8E-BEA7378E800D}.Ad-Hoc|ARM.ActiveCfg = Release|Any CPU
		{B091F076-D159-49E5-9D8E-BEA7378E800D}.Ad-Hoc|ARM.Build.0 = Release|Any CPU
		{B091F076-D159-49E5-9D8E-BEA7378E800D}.Ad-Hoc|iPhone.ActiveCfg = Release|Any CPU
		{B091F076-D159-49E5-9D8E-BEA7378E800D}.Ad-Hoc|iPhone.Build.0 = Release|Any CPU
		{B091F076-D159-49E5-9D8E-BEA7378E800D}.Ad-Hoc|iPhoneSimulator.ActiveCfg = Release|Any CPU
		{B091F076-D159-49E5-9D8E-BEA7378E800D}.Ad-Hoc|iPhoneSimulator.Build.0 = Release|Any CPU
		{B091F076-D159-49E5-9D8E-BEA7378E800D}.Ad-Hoc|x64.ActiveCfg = Release|Any CPU
		{B091F076-D159-49E5-9D8E-BEA7378E800D}.Ad-Hoc|x64.Build.0 = Release|Any CPU
		{B091F076-D159-49E5-9D8E-BEA7378E800D}.Ad-Hoc|x86.ActiveCfg = Release|Any CPU
		{B091F076-D159-49E5-9D8E-BEA7378E800D}.Ad-Hoc|x86.Build.0 = Release|Any CPU
		{B091F076-D159-49E5-9D8E-BEA7378E800D}.AppStore|Any CPU.ActiveCfg = Release|Any CPU
		{B091F076-D159-49E5-9D8E-BEA7378E800D}.AppStore|Any CPU.Build.0 = Release|Any CPU
		{B091F076-D159-49E5-9D8E-BEA7378E800D}.AppStore|ARM.ActiveCfg = Release|Any CPU
		{B091F076-D159-49E5-9D8E-BEA7378E800D}.AppStore|ARM.Build.0 = Release|Any CPU
		{B091F076-D159-49E5-9D8E-BEA7378E800D}.AppStore|iPhone.ActiveCfg = Release|Any CPU
		{B091F076-D159-49E5-9D8E-BEA7378E800D}.AppStore|iPhone.Build.0 = Release|Any CPU
		{B091F076-D159-49E5-9D8E-BEA7378E800D}.AppStore|iPhoneSimulator.ActiveCfg = Release|Any CPU
		{B091F076-D159-49E5-9D8E-BEA7378E800D}.AppStore|iPhoneSimulator.Build.0 = Release|Any CPU
		{B091F076-D159-49E5-9D8E-BEA7378E800D}.AppStore|x64.ActiveCfg = Release|Any CPU
		{B091F076-D159-49E5-9D8E-BEA7378E800D}.AppStore|x64.Build.0 = Release|Any CPU
		{B091F076-D159-49E5-9D8E-BEA7378E800D}.AppStore|x86.ActiveCfg = Release|Any CPU
		{B091F076-D159-49E5-9D8E-BEA7378E800D}.AppStore|x86.Build.0 = Release|Any CPU
		{B091F076-D159-49E5-9D8E-BEA7378E800D}.Debug|Any CPU.ActiveCfg = Debug|Any CPU
		{B091F076-D159-49E5-9D8E-BEA7378E800D}.Debug|Any CPU.Build.0 = Debug|Any CPU
		{B091F076-D159-49E5-9D8E-BEA7378E800D}.Debug|ARM.ActiveCfg = Debug|Any CPU
		{B091F076-D159-49E5-9D8E-BEA7378E800D}.Debug|ARM.Build.0 = Debug|Any CPU
		{B091F076-D159-49E5-9D8E-BEA7378E800D}.Debug|iPhone.ActiveCfg = Debug|Any CPU
		{B091F076-D159-49E5-9D8E-BEA7378E800D}.Debug|iPhone.Build.0 = Debug|Any CPU
		{B091F076-D159-49E5-9D8E-BEA7378E800D}.Debug|iPhoneSimulator.ActiveCfg = Debug|Any CPU
		{B091F076-D159-49E5-9D8E-BEA7378E800D}.Debug|iPhoneSimulator.Build.0 = Debug|Any CPU
		{B091F076-D159-49E5-9D8E-BEA7378E800D}.Debug|x64.ActiveCfg = Debug|Any CPU
		{B091F076-D159-49E5-9D8E-BEA7378E800D}.Debug|x64.Build.0 = Debug|Any CPU
		{B091F076-D159-49E5-9D8E-BEA7378E800D}.Debug|x86.ActiveCfg = Debug|Any CPU
		{B091F076-D159-49E5-9D8E-BEA7378E800D}.Debug|x86.Build.0 = Debug|Any CPU
		{B091F076-D159-49E5-9D8E-BEA7378E800D}.Release|Any CPU.ActiveCfg = Release|Any CPU
		{B091F076-D159-49E5-9D8E-BEA7378E800D}.Release|Any CPU.Build.0 = Release|Any CPU
		{B091F076-D159-49E5-9D8E-BEA7378E800D}.Release|ARM.ActiveCfg = Release|Any CPU
		{B091F076-D159-49E5-9D8E-BEA7378E800D}.Release|ARM.Build.0 = Release|Any CPU
		{B091F076-D159-49E5-9D8E-BEA7378E800D}.Release|iPhone.ActiveCfg = Release|Any CPU
		{B091F076-D159-49E5-9D8E-BEA7378E800D}.Release|iPhone.Build.0 = Release|Any CPU
		{B091F076-D159-49E5-9D8E-BEA7378E800D}.Release|iPhoneSimulator.ActiveCfg = Release|Any CPU
		{B091F076-D159-49E5-9D8E-BEA7378E800D}.Release|iPhoneSimulator.Build.0 = Release|Any CPU
		{B091F076-D159-49E5-9D8E-BEA7378E800D}.Release|x64.ActiveCfg = Release|Any CPU
		{B091F076-D159-49E5-9D8E-BEA7378E800D}.Release|x64.Build.0 = Release|Any CPU
		{B091F076-D159-49E5-9D8E-BEA7378E800D}.Release|x86.ActiveCfg = Release|Any CPU
		{B091F076-D159-49E5-9D8E-BEA7378E800D}.Release|x86.Build.0 = Release|Any CPU
		{5FA76C21-60E2-4C23-BDBD-A42E6D2ABA63}.Ad-Hoc|Any CPU.ActiveCfg = Release|x64
		{5FA76C21-60E2-4C23-BDBD-A42E6D2ABA63}.Ad-Hoc|Any CPU.Build.0 = Release|x64
		{5FA76C21-60E2-4C23-BDBD-A42E6D2ABA63}.Ad-Hoc|Any CPU.Deploy.0 = Release|x64
		{5FA76C21-60E2-4C23-BDBD-A42E6D2ABA63}.Ad-Hoc|ARM.ActiveCfg = Release|ARM
		{5FA76C21-60E2-4C23-BDBD-A42E6D2ABA63}.Ad-Hoc|ARM.Build.0 = Release|ARM
		{5FA76C21-60E2-4C23-BDBD-A42E6D2ABA63}.Ad-Hoc|ARM.Deploy.0 = Release|ARM
		{5FA76C21-60E2-4C23-BDBD-A42E6D2ABA63}.Ad-Hoc|ARM64.ActiveCfg = Release|ARM64
		{5FA76C21-60E2-4C23-BDBD-A42E6D2ABA63}.Ad-Hoc|ARM64.Build.0 = Release|ARM64
		{5FA76C21-60E2-4C23-BDBD-A42E6D2ABA63}.Ad-Hoc|ARM64.Deploy.0 = Release|ARM64
		{5FA76C21-60E2-4C23-BDBD-A42E6D2ABA63}.Ad-Hoc|iPhone.ActiveCfg = Release|x64
		{5FA76C21-60E2-4C23-BDBD-A42E6D2ABA63}.Ad-Hoc|iPhone.Build.0 = Release|x64
		{5FA76C21-60E2-4C23-BDBD-A42E6D2ABA63}.Ad-Hoc|iPhone.Deploy.0 = Release|x64
		{5FA76C21-60E2-4C23-BDBD-A42E6D2ABA63}.Ad-Hoc|iPhoneSimulator.ActiveCfg = Release|x64
		{5FA76C21-60E2-4C23-BDBD-A42E6D2ABA63}.Ad-Hoc|iPhoneSimulator.Build.0 = Release|x64
		{5FA76C21-60E2-4C23-BDBD-A42E6D2ABA63}.Ad-Hoc|iPhoneSimulator.Deploy.0 = Release|x64
		{5FA76C21-60E2-4C23-BDBD-A42E6D2ABA63}.Ad-Hoc|x64.ActiveCfg = Release|x64
		{5FA76C21-60E2-4C23-BDBD-A42E6D2ABA63}.Ad-Hoc|x64.Build.0 = Release|x64
		{5FA76C21-60E2-4C23-BDBD-A42E6D2ABA63}.Ad-Hoc|x64.Deploy.0 = Release|x64
		{5FA76C21-60E2-4C23-BDBD-A42E6D2ABA63}.Ad-Hoc|x86.ActiveCfg = Release|x86
		{5FA76C21-60E2-4C23-BDBD-A42E6D2ABA63}.Ad-Hoc|x86.Build.0 = Release|x86
		{5FA76C21-60E2-4C23-BDBD-A42E6D2ABA63}.Ad-Hoc|x86.Deploy.0 = Release|x86
		{5FA76C21-60E2-4C23-BDBD-A42E6D2ABA63}.AppStore|Any CPU.ActiveCfg = Release|x64
		{5FA76C21-60E2-4C23-BDBD-A42E6D2ABA63}.AppStore|Any CPU.Build.0 = Release|x64
		{5FA76C21-60E2-4C23-BDBD-A42E6D2ABA63}.AppStore|Any CPU.Deploy.0 = Release|x64
		{5FA76C21-60E2-4C23-BDBD-A42E6D2ABA63}.AppStore|ARM.ActiveCfg = Release|ARM
		{5FA76C21-60E2-4C23-BDBD-A42E6D2ABA63}.AppStore|ARM.Build.0 = Release|ARM
		{5FA76C21-60E2-4C23-BDBD-A42E6D2ABA63}.AppStore|ARM.Deploy.0 = Release|ARM
		{5FA76C21-60E2-4C23-BDBD-A42E6D2ABA63}.AppStore|ARM64.ActiveCfg = Release|ARM64
		{5FA76C21-60E2-4C23-BDBD-A42E6D2ABA63}.AppStore|ARM64.Build.0 = Release|ARM64
		{5FA76C21-60E2-4C23-BDBD-A42E6D2ABA63}.AppStore|ARM64.Deploy.0 = Release|ARM64
		{5FA76C21-60E2-4C23-BDBD-A42E6D2ABA63}.AppStore|iPhone.ActiveCfg = Release|x64
		{5FA76C21-60E2-4C23-BDBD-A42E6D2ABA63}.AppStore|iPhone.Build.0 = Release|x64
		{5FA76C21-60E2-4C23-BDBD-A42E6D2ABA63}.AppStore|iPhone.Deploy.0 = Release|x64
		{5FA76C21-60E2-4C23-BDBD-A42E6D2ABA63}.AppStore|iPhoneSimulator.ActiveCfg = Release|x64
		{5FA76C21-60E2-4C23-BDBD-A42E6D2ABA63}.AppStore|iPhoneSimulator.Build.0 = Release|x64
		{5FA76C21-60E2-4C23-BDBD-A42E6D2ABA63}.AppStore|iPhoneSimulator.Deploy.0 = Release|x64
		{5FA76C21-60E2-4C23-BDBD-A42E6D2ABA63}.AppStore|x64.ActiveCfg = Release|x64
		{5FA76C21-60E2-4C23-BDBD-A42E6D2ABA63}.AppStore|x64.Build.0 = Release|x64
		{5FA76C21-60E2-4C23-BDBD-A42E6D2ABA63}.AppStore|x64.Deploy.0 = Release|x64
		{5FA76C21-60E2-4C23-BDBD-A42E6D2ABA63}.AppStore|x86.ActiveCfg = Release|x86
		{5FA76C21-60E2-4C23-BDBD-A42E6D2ABA63}.AppStore|x86.Build.0 = Release|x86
		{5FA76C21-60E2-4C23-BDBD-A42E6D2ABA63}.AppStore|x86.Deploy.0 = Release|x86
		{5FA76C21-60E2-4C23-BDBD-A42E6D2ABA63}.Debug|Any CPU.ActiveCfg = Debug|x86
		{5FA76C21-60E2-4C23-BDBD-A42E6D2ABA63}.Debug|ARM.ActiveCfg = Debug|ARM
		{5FA76C21-60E2-4C23-BDBD-A42E6D2ABA63}.Debug|ARM.Build.0 = Debug|ARM
		{5FA76C21-60E2-4C23-BDBD-A42E6D2ABA63}.Debug|ARM.Deploy.0 = Debug|ARM
		{5FA76C21-60E2-4C23-BDBD-A42E6D2ABA63}.Debug|ARM64.ActiveCfg = Debug|ARM64
		{5FA76C21-60E2-4C23-BDBD-A42E6D2ABA63}.Debug|ARM64.Build.0 = Debug|ARM64
		{5FA76C21-60E2-4C23-BDBD-A42E6D2ABA63}.Debug|ARM64.Deploy.0 = Debug|ARM64
		{5FA76C21-60E2-4C23-BDBD-A42E6D2ABA63}.Debug|iPhone.ActiveCfg = Debug|x86
		{5FA76C21-60E2-4C23-BDBD-A42E6D2ABA63}.Debug|iPhoneSimulator.ActiveCfg = Debug|x86
		{5FA76C21-60E2-4C23-BDBD-A42E6D2ABA63}.Debug|x64.ActiveCfg = Debug|x64
		{5FA76C21-60E2-4C23-BDBD-A42E6D2ABA63}.Debug|x64.Build.0 = Debug|x64
		{5FA76C21-60E2-4C23-BDBD-A42E6D2ABA63}.Debug|x64.Deploy.0 = Debug|x64
		{5FA76C21-60E2-4C23-BDBD-A42E6D2ABA63}.Debug|x86.ActiveCfg = Debug|x86
		{5FA76C21-60E2-4C23-BDBD-A42E6D2ABA63}.Debug|x86.Build.0 = Debug|x86
		{5FA76C21-60E2-4C23-BDBD-A42E6D2ABA63}.Debug|x86.Deploy.0 = Debug|x86
		{5FA76C21-60E2-4C23-BDBD-A42E6D2ABA63}.Release|Any CPU.ActiveCfg = Release|x86
		{5FA76C21-60E2-4C23-BDBD-A42E6D2ABA63}.Release|ARM.ActiveCfg = Release|ARM
		{5FA76C21-60E2-4C23-BDBD-A42E6D2ABA63}.Release|ARM.Build.0 = Release|ARM
		{5FA76C21-60E2-4C23-BDBD-A42E6D2ABA63}.Release|ARM.Deploy.0 = Release|ARM
		{5FA76C21-60E2-4C23-BDBD-A42E6D2ABA63}.Release|ARM64.ActiveCfg = Release|ARM64
		{5FA76C21-60E2-4C23-BDBD-A42E6D2ABA63}.Release|ARM64.Build.0 = Release|ARM64
		{5FA76C21-60E2-4C23-BDBD-A42E6D2ABA63}.Release|ARM64.Deploy.0 = Release|ARM64
		{5FA76C21-60E2-4C23-BDBD-A42E6D2ABA63}.Release|iPhone.ActiveCfg = Release|x86
		{5FA76C21-60E2-4C23-BDBD-A42E6D2ABA63}.Release|iPhoneSimulator.ActiveCfg = Release|x86
		{5FA76C21-60E2-4C23-BDBD-A42E6D2ABA63}.Release|x64.ActiveCfg = Release|x64
		{5FA76C21-60E2-4C23-BDBD-A42E6D2ABA63}.Release|x64.Build.0 = Release|x64
		{5FA76C21-60E2-4C23-BDBD-A42E6D2ABA63}.Release|x64.Deploy.0 = Release|x64
		{5FA76C21-60E2-4C23-BDBD-A42E6D2ABA63}.Release|x86.ActiveCfg = Release|x86
		{5FA76C21-60E2-4C23-BDBD-A42E6D2ABA63}.Release|x86.Build.0 = Release|x86
		{5FA76C21-60E2-4C23-BDBD-A42E6D2ABA63}.Release|x86.Deploy.0 = Release|x86
	EndGlobalSection
	GlobalSection(SolutionProperties) = preSolution
		HideSolutionNode = FALSE
	EndGlobalSection
	GlobalSection(ExtensibilityGlobals) = postSolution
		SolutionGuid = {F6D05029-56B8-4E45-AF2D-0E76295DDBA2}
	EndGlobalSection
EndGlobal
